// !$*UTF8*$!
{
	archiveVersion = 1;
	classes = {
	};
	objectVersion = 56;
	objects = {

/* Begin PBXBuildFile section */
		5C4CE1C72C64DA9A00F5803C /* File.swift in Sources */ = {isa = PBXBuildFile; fileRef = 5C4CE1C62C64DA9A00F5803C /* File.swift */; };
		5C4CE1C92C64DB1100F5803C /* FirstView.swift in Sources */ = {isa = PBXBuildFile; fileRef = 5C4CE1C82C64DB1100F5803C /* FirstView.swift */; };
		5C4CE1CB2C64DB3900F5803C /* MiddleView.swift in Sources */ = {isa = PBXBuildFile; fileRef = 5C4CE1CA2C64DB3900F5803C /* MiddleView.swift */; };
		5C4CE1CD2C64DB8200F5803C /* ThirdView.swift in Sources */ = {isa = PBXBuildFile; fileRef = 5C4CE1CC2C64DB8200F5803C /* ThirdView.swift */; };
		5C515C9C2C5BCAA0008AAA8F /* testApp.swift in Sources */ = {isa = PBXBuildFile; fileRef = 5C515C9B2C5BCAA0008AAA8F /* testApp.swift */; };
		5C515C9E2C5BCAA0008AAA8F /* ContentView.swift in Sources */ = {isa = PBXBuildFile; fileRef = 5C515C9D2C5BCAA0008AAA8F /* ContentView.swift */; };
		5C515CA02C5BCAA1008AAA8F /* Assets.xcassets in Resources */ = {isa = PBXBuildFile; fileRef = 5C515C9F2C5BCAA1008AAA8F /* Assets.xcassets */; };
		5C515CA32C5BCAA1008AAA8F /* Preview Assets.xcassets in Resources */ = {isa = PBXBuildFile; fileRef = 5C515CA22C5BCAA1008AAA8F /* Preview Assets.xcassets */; };
		5C515CAD2C5BCAA1008AAA8F /* testTests.swift in Sources */ = {isa = PBXBuildFile; fileRef = 5C515CAC2C5BCAA1008AAA8F /* testTests.swift */; };
		5C515CB72C5BCAA1008AAA8F /* testUITests.swift in Sources */ = {isa = PBXBuildFile; fileRef = 5C515CB62C5BCAA1008AAA8F /* testUITests.swift */; };
		5C515CB92C5BCAA1008AAA8F /* testUITestsLaunchTests.swift in Sources */ = {isa = PBXBuildFile; fileRef = 5C515CB82C5BCAA1008AAA8F /* testUITestsLaunchTests.swift */; };
/* End PBXBuildFile section */

/* Begin PBXContainerItemProxy section */
		5C515CA92C5BCAA1008AAA8F /* PBXContainerItemProxy */ = {
			isa = PBXContainerItemProxy;
			containerPortal = 5C515C902C5BCAA0008AAA8F /* Project object */;
			proxyType = 1;
			remoteGlobalIDString = 5C515C972C5BCAA0008AAA8F;
			remoteInfo = test;
		};
		5C515CB32C5BCAA1008AAA8F /* PBXContainerItemProxy */ = {
			isa = PBXContainerItemProxy;
			containerPortal = 5C515C902C5BCAA0008AAA8F /* Project object */;
			proxyType = 1;
			remoteGlobalIDString = 5C515C972C5BCAA0008AAA8F;
			remoteInfo = test;
		};
/* End PBXContainerItemProxy section */

/* Begin PBXFileReference section */
		5C4CE1C62C64DA9A00F5803C /* File.swift */ = {isa = PBXFileReference; lastKnownFileType = sourcecode.swift; path = File.swift; sourceTree = "<group>"; };
		5C4CE1C82C64DB1100F5803C /* FirstView.swift */ = {isa = PBXFileReference; lastKnownFileType = sourcecode.swift; path = FirstView.swift; sourceTree = "<group>"; };
		5C4CE1CA2C64DB3900F5803C /* MiddleView.swift */ = {isa = PBXFileReference; lastKnownFileType = sourcecode.swift; path = MiddleView.swift; sourceTree = "<group>"; };
		5C4CE1CC2C64DB8200F5803C /* ThirdView.swift */ = {isa = PBXFileReference; lastKnownFileType = sourcecode.swift; path = ThirdView.swift; sourceTree = "<group>"; };
		5C515C982C5BCAA0008AAA8F /* test.app */ = {isa = PBXFileReference; explicitFileType = wrapper.application; includeInIndex = 0; path = test.app; sourceTree = BUILT_PRODUCTS_DIR; };
		5C515C9B2C5BCAA0008AAA8F /* testApp.swift */ = {isa = PBXFileReference; lastKnownFileType = sourcecode.swift; path = testApp.swift; sourceTree = "<group>"; };
		5C515C9D2C5BCAA0008AAA8F /* ContentView.swift */ = {isa = PBXFileReference; lastKnownFileType = sourcecode.swift; path = ContentView.swift; sourceTree = "<group>"; };
		5C515C9F2C5BCAA1008AAA8F /* Assets.xcassets */ = {isa = PBXFileReference; lastKnownFileType = folder.assetcatalog; path = Assets.xcassets; sourceTree = "<group>"; };
		5C515CA22C5BCAA1008AAA8F /* Preview Assets.xcassets */ = {isa = PBXFileReference; lastKnownFileType = folder.assetcatalog; path = "Preview Assets.xcassets"; sourceTree = "<group>"; };
		5C515CA82C5BCAA1008AAA8F /* testTests.xctest */ = {isa = PBXFileReference; explicitFileType = wrapper.cfbundle; includeInIndex = 0; path = testTests.xctest; sourceTree = BUILT_PRODUCTS_DIR; };
		5C515CAC2C5BCAA1008AAA8F /* testTests.swift */ = {isa = PBXFileReference; lastKnownFileType = sourcecode.swift; path = testTests.swift; sourceTree = "<group>"; };
		5C515CB22C5BCAA1008AAA8F /* testUITests.xctest */ = {isa = PBXFileReference; explicitFileType = wrapper.cfbundle; includeInIndex = 0; path = testUITests.xctest; sourceTree = BUILT_PRODUCTS_DIR; };
		5C515CB62C5BCAA1008AAA8F /* testUITests.swift */ = {isa = PBXFileReference; lastKnownFileType = sourcecode.swift; path = testUITests.swift; sourceTree = "<group>"; };
		5C515CB82C5BCAA1008AAA8F /* testUITestsLaunchTests.swift */ = {isa = PBXFileReference; lastKnownFileType = sourcecode.swift; path = testUITestsLaunchTests.swift; sourceTree = "<group>"; };
/* End PBXFileReference section */

/* Begin PBXFrameworksBuildPhase section */
		5C515C952C5BCAA0008AAA8F /* Frameworks */ = {
			isa = PBXFrameworksBuildPhase;
			buildActionMask = 2147483647;
			files = (
			);
			runOnlyForDeploymentPostprocessing = 0;
		};
		5C515CA52C5BCAA1008AAA8F /* Frameworks */ = {
			isa = PBXFrameworksBuildPhase;
			buildActionMask = 2147483647;
			files = (
			);
			runOnlyForDeploymentPostprocessing = 0;
		};
		5C515CAF2C5BCAA1008AAA8F /* Frameworks */ = {
			isa = PBXFrameworksBuildPhase;
			buildActionMask = 2147483647;
			files = (
			);
			runOnlyForDeploymentPostprocessing = 0;
		};
/* End PBXFrameworksBuildPhase section */

/* Begin PBXGroup section */
		5C515C8F2C5BCAA0008AAA8F = {
			isa = PBXGroup;
			children = (
				5C515C9A2C5BCAA0008AAA8F /* test */,
				5C515CAB2C5BCAA1008AAA8F /* testTests */,
				5C515CB52C5BCAA1008AAA8F /* testUITests */,
				5C515C992C5BCAA0008AAA8F /* Products */,
			);
			sourceTree = "<group>";
		};
		5C515C992C5BCAA0008AAA8F /* Products */ = {
			isa = PBXGroup;
			children = (
				5C515C982C5BCAA0008AAA8F /* test.app */,
				5C515CA82C5BCAA1008AAA8F /* testTests.xctest */,
				5C515CB22C5BCAA1008AAA8F /* testUITests.xctest */,
			);
			name = Products;
			sourceTree = "<group>";
		};
		5C515C9A2C5BCAA0008AAA8F /* test */ = {
			isa = PBXGroup;
			children = (
				5C4CE1C62C64DA9A00F5803C /* File.swift */,
				5C515C9B2C5BCAA0008AAA8F /* testApp.swift */,
				5C515C9D2C5BCAA0008AAA8F /* ContentView.swift */,
				5C515C9F2C5BCAA1008AAA8F /* Assets.xcassets */,
				5C515CA12C5BCAA1008AAA8F /* Preview Content */,
			);
			path = test;
			sourceTree = "<group>";
		};
		5C515CA12C5BCAA1008AAA8F /* Preview Content */ = {
			isa = PBXGroup;
			children = (
				5C515CA22C5BCAA1008AAA8F /* Preview Assets.xcassets */,
				5C4CE1CC2C64DB8200F5803C /* ThirdView.swift */,
				5C4CE1C82C64DB1100F5803C /* FirstView.swift */,
				5C4CE1CA2C64DB3900F5803C /* MiddleView.swift */,
			);
			path = "Preview Content";
			sourceTree = "<group>";
		};
		5C515CAB2C5BCAA1008AAA8F /* testTests */ = {
			isa = PBXGroup;
			children = (
				5C515CAC2C5BCAA1008AAA8F /* testTests.swift */,
			);
			path = testTests;
			sourceTree = "<group>";
		};
		5C515CB52C5BCAA1008AAA8F /* testUITests */ = {
			isa = PBXGroup;
			children = (
				5C515CB62C5BCAA1008AAA8F /* testUITests.swift */,
				5C515CB82C5BCAA1008AAA8F /* testUITestsLaunchTests.swift */,
			);
			path = testUITests;
			sourceTree = "<group>";
		};
/* End PBXGroup section */

/* Begin PBXNativeTarget section */
		5C515C972C5BCAA0008AAA8F /* test */ = {
			isa = PBXNativeTarget;
			buildConfigurationList = 5C515CBC2C5BCAA1008AAA8F /* Build configuration list for PBXNativeTarget "test" */;
			buildPhases = (
				5C515C942C5BCAA0008AAA8F /* Sources */,
				5C515C952C5BCAA0008AAA8F /* Frameworks */,
				5C515C962C5BCAA0008AAA8F /* Resources */,
			);
			buildRules = (
			);
			dependencies = (
			);
			name = test;
			productName = test;
			productReference = 5C515C982C5BCAA0008AAA8F /* test.app */;
			productType = "com.apple.product-type.application";
		};
		5C515CA72C5BCAA1008AAA8F /* testTests */ = {
			isa = PBXNativeTarget;
			buildConfigurationList = 5C515CBF2C5BCAA1008AAA8F /* Build configuration list for PBXNativeTarget "testTests" */;
			buildPhases = (
				5C515CA42C5BCAA1008AAA8F /* Sources */,
				5C515CA52C5BCAA1008AAA8F /* Frameworks */,
				5C515CA62C5BCAA1008AAA8F /* Resources */,
			);
			buildRules = (
			);
			dependencies = (
				5C515CAA2C5BCAA1008AAA8F /* PBXTargetDependency */,
			);
			name = testTests;
			productName = testTests;
			productReference = 5C515CA82C5BCAA1008AAA8F /* testTests.xctest */;
			productType = "com.apple.product-type.bundle.unit-test";
		};
		5C515CB12C5BCAA1008AAA8F /* testUITests */ = {
			isa = PBXNativeTarget;
			buildConfigurationList = 5C515CC22C5BCAA1008AAA8F /* Build configuration list for PBXNativeTarget "testUITests" */;
			buildPhases = (
				5C515CAE2C5BCAA1008AAA8F /* Sources */,
				5C515CAF2C5BCAA1008AAA8F /* Frameworks */,
				5C515CB02C5BCAA1008AAA8F /* Resources */,
			);
			buildRules = (
			);
			dependencies = (
				5C515CB42C5BCAA1008AAA8F /* PBXTargetDependency */,
			);
			name = testUITests;
			productName = testUITests;
			productReference = 5C515CB22C5BCAA1008AAA8F /* testUITests.xctest */;
			productType = "com.apple.product-type.bundle.ui-testing";
		};
/* End PBXNativeTarget section */

/* Begin PBXProject section */
		5C515C902C5BCAA0008AAA8F /* Project object */ = {
			isa = PBXProject;
			attributes = {
				BuildIndependentTargetsInParallel = 1;
				LastSwiftUpdateCheck = 1540;
				LastUpgradeCheck = 1540;
				TargetAttributes = {
					5C515C972C5BCAA0008AAA8F = {
						CreatedOnToolsVersion = 15.4;
					};
					5C515CA72C5BCAA1008AAA8F = {
						CreatedOnToolsVersion = 15.4;
						TestTargetID = 5C515C972C5BCAA0008AAA8F;
					};
					5C515CB12C5BCAA1008AAA8F = {
						CreatedOnToolsVersion = 15.4;
						TestTargetID = 5C515C972C5BCAA0008AAA8F;
					};
				};
			};
			buildConfigurationList = 5C515C932C5BCAA0008AAA8F /* Build configuration list for PBXProject "test" */;
			compatibilityVersion = "Xcode 14.0";
			developmentRegion = en;
			hasScannedForEncodings = 0;
			knownRegions = (
				en,
				Base,
			);
			mainGroup = 5C515C8F2C5BCAA0008AAA8F;
			productRefGroup = 5C515C992C5BCAA0008AAA8F /* Products */;
			projectDirPath = "";
			projectRoot = "";
			targets = (
				5C515C972C5BCAA0008AAA8F /* test */,
				5C515CA72C5BCAA1008AAA8F /* testTests */,
				5C515CB12C5BCAA1008AAA8F /* testUITests */,
			);
		};
/* End PBXProject section */

/* Begin PBXResourcesBuildPhase section */
		5C515C962C5BCAA0008AAA8F /* Resources */ = {
			isa = PBXResourcesBuildPhase;
			buildActionMask = 2147483647;
			files = (
				5C515CA32C5BCAA1008AAA8F /* Preview Assets.xcassets in Resources */,
				5C515CA02C5BCAA1008AAA8F /* Assets.xcassets in Resources */,
			);
			runOnlyForDeploymentPostprocessing = 0;
		};
		5C515CA62C5BCAA1008AAA8F /* Resources */ = {
			isa = PBXResourcesBuildPhase;
			buildActionMask = 2147483647;
			files = (
			);
			runOnlyForDeploymentPostprocessing = 0;
		};
		5C515CB02C5BCAA1008AAA8F /* Resources */ = {
			isa = PBXResourcesBuildPhase;
			buildActionMask = 2147483647;
			files = (
			);
			runOnlyForDeploymentPostprocessing = 0;
		};
/* End PBXResourcesBuildPhase section */

/* Begin PBXSourcesBuildPhase section */
		5C515C942C5BCAA0008AAA8F /* Sources */ = {
			isa = PBXSourcesBuildPhase;
			buildActionMask = 2147483647;
			files = (
				5C515C9E2C5BCAA0008AAA8F /* ContentView.swift in Sources */,
				5C4CE1C72C64DA9A00F5803C /* File.swift in Sources */,
				5C4CE1C92C64DB1100F5803C /* FirstView.swift in Sources */,
				5C515C9C2C5BCAA0008AAA8F /* testApp.swift in Sources */,
				5C4CE1CD2C64DB8200F5803C /* ThirdView.swift in Sources */,
				5C4CE1CB2C64DB3900F5803C /* MiddleView.swift in Sources */,
			);
			runOnlyForDeploymentPostprocessing = 0;
		};
		5C515CA42C5BCAA1008AAA8F /* Sources */ = {
			isa = PBXSourcesBuildPhase;
			buildActionMask = 2147483647;
			files = (
				5C515CAD2C5BCAA1008AAA8F /* testTests.swift in Sources */,
			);
			runOnlyForDeploymentPostprocessing = 0;
		};
		5C515CAE2C5BCAA1008AAA8F /* Sources */ = {
			isa = PBXSourcesBuildPhase;
			buildActionMask = 2147483647;
			files = (
				5C515CB92C5BCAA1008AAA8F /* testUITestsLaunchTests.swift in Sources */,
				5C515CB72C5BCAA1008AAA8F /* testUITests.swift in Sources */,
			);
			runOnlyForDeploymentPostprocessing = 0;
		};
/* End PBXSourcesBuildPhase section */

/* Begin PBXTargetDependency section */
		5C515CAA2C5BCAA1008AAA8F /* PBXTargetDependency */ = {
			isa = PBXTargetDependency;
			target = 5C515C972C5BCAA0008AAA8F /* test */;
			targetProxy = 5C515CA92C5BCAA1008AAA8F /* PBXContainerItemProxy */;
		};
		5C515CB42C5BCAA1008AAA8F /* PBXTargetDependency */ = {
			isa = PBXTargetDependency;
			target = 5C515C972C5BCAA0008AAA8F /* test */;
			targetProxy = 5C515CB32C5BCAA1008AAA8F /* PBXContainerItemProxy */;
		};
/* End PBXTargetDependency section */

/* Begin XCBuildConfiguration section */
		5C515CBA2C5BCAA1008AAA8F /* Debug */ = {
			isa = XCBuildConfiguration;
			buildSettings = {
				ALWAYS_SEARCH_USER_PATHS = NO;
				ASSETCATALOG_COMPILER_GENERATE_SWIFT_ASSET_SYMBOL_EXTENSIONS = YES;
				CLANG_ANALYZER_NONNULL = YES;
				CLANG_ANALYZER_NUMBER_OBJECT_CONVERSION = YES_AGGRESSIVE;
				CLANG_CXX_LANGUAGE_STANDARD = "gnu++20";
				CLANG_ENABLE_MODULES = YES;
				CLANG_ENABLE_OBJC_ARC = YES;
				CLANG_ENABLE_OBJC_WEAK = YES;
				CLANG_WARN_BLOCK_CAPTURE_AUTORELEASING = YES;
				CLANG_WARN_BOOL_CONVERSION = YES;
				CLANG_WARN_COMMA = YES;
				CLANG_WARN_CONSTANT_CONVERSION = YES;
				CLANG_WARN_DEPRECATED_OBJC_IMPLEMENTATIONS = YES;
				CLANG_WARN_DIRECT_OBJC_ISA_USAGE = YES_ERROR;
				CLANG_WARN_DOCUMENTATION_COMMENTS = YES;
				CLANG_WARN_EMPTY_BODY = YES;
				CLANG_WARN_ENUM_CONVERSION = YES;
				CLANG_WARN_INFINITE_RECURSION = YES;
				CLANG_WARN_INT_CONVERSION = YES;
				CLANG_WARN_NON_LITERAL_NULL_CONVERSION = YES;
				CLANG_WARN_OBJC_IMPLICIT_RETAIN_SELF = YES;
				CLANG_WARN_OBJC_LITERAL_CONVERSION = YES;
				CLANG_WARN_OBJC_ROOT_CLASS = YES_ERROR;
				CLANG_WARN_QUOTED_INCLUDE_IN_FRAMEWORK_HEADER = YES;
				CLANG_WARN_RANGE_LOOP_ANALYSIS = YES;
				CLANG_WARN_STRICT_PROTOTYPES = YES;
				CLANG_WARN_SUSPICIOUS_MOVE = YES;
				CLANG_WARN_UNGUARDED_AVAILABILITY = YES_AGGRESSIVE;
				CLANG_WARN_UNREACHABLE_CODE = YES;
				CLANG_WARN__DUPLICATE_METHOD_MATCH = YES;
				COPY_PHASE_STRIP = NO;
				DEBUG_INFORMATION_FORMAT = dwarf;
				ENABLE_STRICT_OBJC_MSGSEND = YES;
				ENABLE_TESTABILITY = YES;
				ENABLE_USER_SCRIPT_SANDBOXING = YES;
				GCC_C_LANGUAGE_STANDARD = gnu17;
				GCC_DYNAMIC_NO_PIC = NO;
				GCC_NO_COMMON_BLOCKS = YES;
				GCC_OPTIMIZATION_LEVEL = 0;
				GCC_PREPROCESSOR_DEFINITIONS = (
					"DEBUG=1",
					"$(inherited)",
				);
				GCC_WARN_64_TO_32_BIT_CONVERSION = YES;
				GCC_WARN_ABOUT_RETURN_TYPE = YES_ERROR;
				GCC_WARN_UNDECLARED_SELECTOR = YES;
				GCC_WARN_UNINITIALIZED_AUTOS = YES_AGGRESSIVE;
				GCC_WARN_UNUSED_FUNCTION = YES;
				GCC_WARN_UNUSED_VARIABLE = YES;
				IPHONEOS_DEPLOYMENT_TARGET = 17.5;
				LOCALIZATION_PREFERS_STRING_CATALOGS = YES;
				MTL_ENABLE_DEBUG_INFO = INCLUDE_SOURCE;
				MTL_FAST_MATH = YES;
				ONLY_ACTIVE_ARCH = YES;
				SDKROOT = iphoneos;
				SWIFT_ACTIVE_COMPILATION_CONDITIONS = "DEBUG $(inherited)";
				SWIFT_OPTIMIZATION_LEVEL = "-Onone";
			};
			name = Debug;
		};
		5C515CBB2C5BCAA1008AAA8F /* Release */ = {
			isa = XCBuildConfiguration;
			buildSettings = {
				ALWAYS_SEARCH_USER_PATHS = NO;
				ASSETCATALOG_COMPILER_GENERATE_SWIFT_ASSET_SYMBOL_EXTENSIONS = YES;
				CLANG_ANALYZER_NONNULL = YES;
				CLANG_ANALYZER_NUMBER_OBJECT_CONVERSION = YES_AGGRESSIVE;
				CLANG_CXX_LANGUAGE_STANDARD = "gnu++20";
				CLANG_ENABLE_MODULES = YES;
				CLANG_ENABLE_OBJC_ARC = YES;
				CLANG_ENABLE_OBJC_WEAK = YES;
				CLANG_WARN_BLOCK_CAPTURE_AUTORELEASING = YES;
				CLANG_WARN_BOOL_CONVERSION = YES;
				CLANG_WARN_COMMA = YES;
				CLANG_WARN_CONSTANT_CONVERSION = YES;
				CLANG_WARN_DEPRECATED_OBJC_IMPLEMENTATIONS = YES;
				CLANG_WARN_DIRECT_OBJC_ISA_USAGE = YES_ERROR;
				CLANG_WARN_DOCUMENTATION_COMMENTS = YES;
				CLANG_WARN_EMPTY_BODY = YES;
				CLANG_WARN_ENUM_CONVERSION = YES;
				CLANG_WARN_INFINITE_RECURSION = YES;
				CLANG_WARN_INT_CONVERSION = YES;
				CLANG_WARN_NON_LITERAL_NULL_CONVERSION = YES;
				CLANG_WARN_OBJC_IMPLICIT_RETAIN_SELF = YES;
				CLANG_WARN_OBJC_LITERAL_CONVERSION = YES;
				CLANG_WARN_OBJC_ROOT_CLASS = YES_ERROR;
				CLANG_WARN_QUOTED_INCLUDE_IN_FRAMEWORK_HEADER = YES;
				CLANG_WARN_RANGE_LOOP_ANALYSIS = YES;
				CLANG_WARN_STRICT_PROTOTYPES = YES;
				CLANG_WARN_SUSPICIOUS_MOVE = YES;
				CLANG_WARN_UNGUARDED_AVAILABILITY = YES_AGGRESSIVE;
				CLANG_WARN_UNREACHABLE_CODE = YES;
				CLANG_WARN__DUPLICATE_METHOD_MATCH = YES;
				COPY_PHASE_STRIP = NO;
				DEBUG_INFORMATION_FORMAT = "dwarf-with-dsym";
				ENABLE_NS_ASSERTIONS = NO;
				ENABLE_STRICT_OBJC_MSGSEND = YES;
				ENABLE_USER_SCRIPT_SANDBOXING = YES;
				GCC_C_LANGUAGE_STANDARD = gnu17;
				GCC_NO_COMMON_BLOCKS = YES;
				GCC_WARN_64_TO_32_BIT_CONVERSION = YES;
				GCC_WARN_ABOUT_RETURN_TYPE = YES_ERROR;
				GCC_WARN_UNDECLARED_SELECTOR = YES;
				GCC_WARN_UNINITIALIZED_AUTOS = YES_AGGRESSIVE;
				GCC_WARN_UNUSED_FUNCTION = YES;
				GCC_WARN_UNUSED_VARIABLE = YES;
				IPHONEOS_DEPLOYMENT_TARGET = 17.5;
				LOCALIZATION_PREFERS_STRING_CATALOGS = YES;
				MTL_ENABLE_DEBUG_INFO = NO;
				MTL_FAST_MATH = YES;
				SDKROOT = iphoneos;
				SWIFT_COMPILATION_MODE = wholemodule;
				VALIDATE_PRODUCT = YES;
			};
			name = Release;
		};
		5C515CBD2C5BCAA1008AAA8F /* Debug */ = {
			isa = XCBuildConfiguration;
			buildSettings = {
				ASSETCATALOG_COMPILER_APPICON_NAME = AppIcon;
				ASSETCATALOG_COMPILER_GLOBAL_ACCENT_COLOR_NAME = AccentColor;
				CODE_SIGN_STYLE = Automatic;
				CURRENT_PROJECT_VERSION = 1;
				DEVELOPMENT_ASSET_PATHS = "\"test/Preview Content\"";
				DEVELOPMENT_TEAM = 4CF3T6E3E8;
				ENABLE_PREVIEWS = YES;
				GENERATE_INFOPLIST_FILE = YES;
				INFOPLIST_KEY_UIApplicationSceneManifest_Generation = YES;
				INFOPLIST_KEY_UIApplicationSupportsIndirectInputEvents = YES;
				INFOPLIST_KEY_UILaunchScreen_Generation = YES;
				INFOPLIST_KEY_UISupportedInterfaceOrientations_iPad = "UIInterfaceOrientationPortrait UIInterfaceOrientationPortraitUpsideDown UIInterfaceOrientationLandscapeLeft UIInterfaceOrientationLandscapeRight";
				INFOPLIST_KEY_UISupportedInterfaceOrientations_iPhone = "UIInterfaceOrientationPortrait UIInterfaceOrientationLandscapeLeft UIInterfaceOrientationLandscapeRight";
				LD_RUNPATH_SEARCH_PATHS = (
					"$(inherited)",
					"@executable_path/Frameworks",
				);
				MARKETING_VERSION = 1.0;
				PRODUCT_BUNDLE_IDENTIFIER = ishan.test;
				PRODUCT_NAME = "$(TARGET_NAME)";
				SWIFT_EMIT_LOC_STRINGS = YES;
				SWIFT_VERSION = 5.0;
				TARGETED_DEVICE_FAMILY = "1,2";
			};
			name = Debug;
		};
		5C515CBE2C5BCAA1008AAA8F /* Release */ = {
			isa = XCBuildConfiguration;
			buildSettings = {
				ASSETCATALOG_COMPILER_APPICON_NAME = AppIcon;
				ASSETCATALOG_COMPILER_GLOBAL_ACCENT_COLOR_NAME = AccentColor;
				CODE_SIGN_STYLE = Automatic;
				CURRENT_PROJECT_VERSION = 1;
				DEVELOPMENT_ASSET_PATHS = "\"test/Preview Content\"";
				DEVELOPMENT_TEAM = 4CF3T6E3E8;
				ENABLE_PREVIEWS = YES;
				GENERATE_INFOPLIST_FILE = YES;
				INFOPLIST_KEY_UIApplicationSceneManifest_Generation = YES;
				INFOPLIST_KEY_UIApplicationSupportsIndirectInputEvents = YES;
				INFOPLIST_KEY_UILaunchScreen_Generation = YES;
				INFOPLIST_KEY_UISupportedInterfaceOrientations_iPad = "UIInterfaceOrientationPortrait UIInterfaceOrientationPortraitUpsideDown UIInterfaceOrientationLandscapeLeft UIInterfaceOrientationLandscapeRight";
				INFOPLIST_KEY_UISupportedInterfaceOrientations_iPhone = "UIInterfaceOrientationPortrait UIInterfaceOrientationLandscapeLeft UIInterfaceOrientationLandscapeRight";
				LD_RUNPATH_SEARCH_PATHS = (
					"$(inherited)",
					"@executable_path/Frameworks",
				);
				MARKETING_VERSION = 1.0;
				PRODUCT_BUNDLE_IDENTIFIER = ishan.test;
				PRODUCT_NAME = "$(TARGET_NAME)";
				SWIFT_EMIT_LOC_STRINGS = YES;
				SWIFT_VERSION = 5.0;
				TARGETED_DEVICE_FAMILY = "1,2";
			};
			name = Release;
		};
		5C515CC02C5BCAA1008AAA8F /* Debug */ = {
			isa = XCBuildConfiguration;
			buildSettings = {
				ALWAYS_EMBED_SWIFT_STANDARD_LIBRARIES = YES;
				BUNDLE_LOADER = "$(TEST_HOST)";
				CODE_SIGN_STYLE = Automatic;
				CURRENT_PROJECT_VERSION = 1;
				DEVELOPMENT_TEAM = 4CF3T6E3E8;
				GENERATE_INFOPLIST_FILE = YES;
				IPHONEOS_DEPLOYMENT_TARGET = 17.5;
				MARKETING_VERSION = 1.0;
				PRODUCT_BUNDLE_IDENTIFIER = ishan.testTests;
				PRODUCT_NAME = "$(TARGET_NAME)";
				SWIFT_EMIT_LOC_STRINGS = NO;
				SWIFT_VERSION = 5.0;
				TARGETED_DEVICE_FAMILY = "1,2";
				TEST_HOST = "$(BUILT_PRODUCTS_DIR)/test.app/$(BUNDLE_EXECUTABLE_FOLDER_PATH)/test";
			};
			name = Debug;
		};
		5C515CC12C5BCAA1008AAA8F /* Release */ = {
			isa = XCBuildConfiguration;
			buildSettings = {
				ALWAYS_EMBED_SWIFT_STANDARD_LIBRARIES = YES;
				BUNDLE_LOADER = "$(TEST_HOST)";
				CODE_SIGN_STYLE = Automatic;
				CURRENT_PROJECT_VERSION = 1;
				DEVELOPMENT_TEAM = 4CF3T6E3E8;
				GENERATE_INFOPLIST_FILE = YES;
				IPHONEOS_DEPLOYMENT_TARGET = 17.5;
				MARKETING_VERSION = 1.0;
				PRODUCT_BUNDLE_IDENTIFIER = ishan.testTests;
				PRODUCT_NAME = "$(TARGET_NAME)";
				SWIFT_EMIT_LOC_STRINGS = NO;
				SWIFT_VERSION = 5.0;
				TARGETED_DEVICE_FAMILY = "1,2";
				TEST_HOST = "$(BUILT_PRODUCTS_DIR)/test.app/$(BUNDLE_EXECUTABLE_FOLDER_PATH)/test";
			};
			name = Release;
		};
		5C515CC32C5BCAA1008AAA8F /* Debug */ = {
			isa = XCBuildConfiguration;
			buildSettings = {
				ALWAYS_EMBED_SWIFT_STANDARD_LIBRARIES = YES;
				CODE_SIGN_STYLE = Automatic;
				CURRENT_PROJECT_VERSION = 1;
				DEVELOPMENT_TEAM = 4CF3T6E3E8;
				GENERATE_INFOPLIST_FILE = YES;
				MARKETING_VERSION = 1.0;
				PRODUCT_BUNDLE_IDENTIFIER = ishan.testUITests;
				PRODUCT_NAME = "$(TARGET_NAME)";
				SWIFT_EMIT_LOC_STRINGS = NO;
				SWIFT_VERSION = 5.0;
				TARGETED_DEVICE_FAMILY = "1,2";
				TEST_TARGET_NAME = test;
			};
			name = Debug;
		};
		5C515CC42C5BCAA1008AAA8F /* Release */ = {
			isa = XCBuildConfiguration;
			buildSettings = {
				ALWAYS_EMBED_SWIFT_STANDARD_LIBRARIES = YES;
				CODE_SIGN_STYLE = Automatic;
				CURRENT_PROJECT_VERSION = 1;
				DEVELOPMENT_TEAM = 4CF3T6E3E8;
				GENERATE_INFOPLIST_FILE = YES;
				MARKETING_VERSION = 1.0;
				PRODUCT_BUNDLE_IDENTIFIER = ishan.testUITests;
				PRODUCT_NAME = "$(TARGET_NAME)";
				SWIFT_EMIT_LOC_STRINGS = NO;
				SWIFT_VERSION = 5.0;
				TARGETED_DEVICE_FAMILY = "1,2";
				TEST_TARGET_NAME = test;
			};
			name = Release;
		};
/* End XCBuildConfiguration section */

/* Begin XCConfigurationList section */
		5C515C932C5BCAA0008AAA8F /* Build configuration list for PBXProject "test" */ = {
			isa = XCConfigurationList;
			buildConfigurations = (
				5C515CBA2C5BCAA1008AAA8F /* Debug */,
				5C515CBB2C5BCAA1008AAA8F /* Release */,
			);
			defaultConfigurationIsVisible = 0;
			defaultConfigurationName = Release;
		};
		5C515CBC2C5BCAA1008AAA8F /* Build configuration list for PBXNativeTarget "test" */ = {
			isa = XCConfigurationList;
			buildConfigurations = (
				5C515CBD2C5BCAA1008AAA8F /* Debug */,
				5C515CBE2C5BCAA1008AAA8F /* Release */,
			);
			defaultConfigurationIsVisible = 0;
			defaultConfigurationName = Release;
		};
		5C515CBF2C5BCAA1008AAA8F /* Build configuration list for PBXNativeTarget "testTests" */ = {
			isa = XCConfigurationList;
			buildConfigurations = (
				5C515CC02C5BCAA1008AAA8F /* Debug */,
				5C515CC12C5BCAA1008AAA8F /* Release */,
			);
			defaultConfigurationIsVisible = 0;
			defaultConfigurationName = Release;
		};
		5C515CC22C5BCAA1008AAA8F /* Build configuration list for PBXNativeTarget "testUITests" */ = {
			isa = XCConfigurationList;
			buildConfigurations = (
				5C515CC32C5BCAA1008AAA8F /* Debug */,
				5C515CC42C5BCAA1008AAA8F /* Release */,
			);
			defaultConfigurationIsVisible = 0;
			defaultConfigurationName = Release;
		};
/* End XCConfigurationList section */
	};
	rootObject = 5C515C902C5BCAA0008AAA8F /* Project object */;
}
